
Microsoft Visual Studio Solution File, Format Version 12.00
# Visual Studio 15
VisualStudioVersion = 15.0.27703.2035
MinimumVisualStudioVersion = 10.0.40219.1
Project("{9A19103F-16F7-4668-BE54-9A1E7A4F7556}") = "Content.Api", "Content.Api\Content.Api.csproj", "{3853CA78-2653-4A44-A696-ED35447658B7}"
EndProject
Project("{9A19103F-16F7-4668-BE54-9A1E7A4F7556}") = "Identity", "Identity\Identity.csproj", "{906CF14A-27E1-4BAA-A247-98719F19BF77}"
EndProject
Project("{9A19103F-16F7-4668-BE54-9A1E7A4F7556}") = "Content.Spa", "Content.Spa\Content.Spa.csproj", "{9A18981B-E9D7-475E-AA2F-C8DE7DAB7539}"
EndProject
Project("{9A19103F-16F7-4668-BE54-9A1E7A4F7556}") = "Content.Mvc", "Content.Mvc\Content.Mvc.csproj", "{DF688669-06A8-4FE3-BB95-D4AA6CE78269}"
EndProject
Project("{9A19103F-16F7-4668-BE54-9A1E7A4F7556}") = "Content.Report", "Content.Report\Content.Report.csproj", "{E10CC9C9-0775-43B4-9B8D-FD0494756AAE}"
EndProject
Project("{FAE04EC0-301F-11D3-BF4B-00C04F79EFBC}") = "BackgroundPopulateTaskQueue", "BackgroundPopulateTaskQueue\BackgroundPopulateTaskQueue.csproj", "{BE81B2BF-FE2F-478E-8B23-F50CC43D45C3}"
EndProject
Global
	GlobalSection(SolutionConfigurationPlatforms) = preSolution
		Debug|Any CPU = Debug|Any CPU
		Release|Any CPU = Release|Any CPU
	EndGlobalSection
	GlobalSection(ProjectConfigurationPlatforms) = postSolution
		{3853CA78-2653-4A44-A696-ED35447658B7}.Debug|Any CPU.ActiveCfg = Debug|Any CPU
		{3853CA78-2653-4A44-A696-ED35447658B7}.Debug|Any CPU.Build.0 = Debug|Any CPU
		{3853CA78-2653-4A44-A696-ED35447658B7}.Release|Any CPU.ActiveCfg = Release|Any CPU
		{3853CA78-2653-4A44-A696-ED35447658B7}.Release|Any CPU.Build.0 = Release|Any CPU
		{906CF14A-27E1-4BAA-A247-98719F19BF77}.Debug|Any CPU.ActiveCfg = Debug|Any CPU
		{906CF14A-27E1-4BAA-A247-98719F19BF77}.Debug|Any CPU.Build.0 = Debug|Any CPU
		{906CF14A-27E1-4BAA-A247-98719F19BF77}.Release|Any CPU.ActiveCfg = Release|Any CPU
		{906CF14A-27E1-4BAA-A247-98719F19BF77}.Release|Any CPU.Build.0 = Release|Any CPU
		{9A18981B-E9D7-475E-AA2F-C8DE7DAB7539}.Debug|Any CPU.ActiveCfg = Debug|Any CPU
		{9A18981B-E9D7-475E-AA2F-C8DE7DAB7539}.Debug|Any CPU.Build.0 = Debug|Any CPU
		{9A18981B-E9D7-475E-AA2F-C8DE7DAB7539}.Release|Any CPU.ActiveCfg = Release|Any CPU
		{9A18981B-E9D7-475E-AA2F-C8DE7DAB7539}.Release|Any CPU.Build.0 = Release|Any CPU
		{DF688669-06A8-4FE3-BB95-D4AA6CE78269}.Debug|Any CPU.ActiveCfg = Debug|Any CPU
		{DF688669-06A8-4FE3-BB95-D4AA6CE78269}.Debug|Any CPU.Build.0 = Debug|Any CPU
		{DF688669-06A8-4FE3-BB95-D4AA6CE78269}.Release|Any CPU.ActiveCfg = Release|Any CPU
		{DF688669-06A8-4FE3-BB95-D4AA6CE78269}.Release|Any CPU.Build.0 = Release|Any CPU
		{E10CC9C9-0775-43B4-9B8D-FD0494756AAE}.Debug|Any CPU.ActiveCfg = Debug|Any CPU
		{E10CC9C9-0775-43B4-9B8D-FD0494756AAE}.Debug|Any CPU.Build.0 = Debug|Any CPU
		{E10CC9C9-0775-43B4-9B8D-FD0494756AAE}.Release|Any CPU.ActiveCfg = Release|Any CPU
		{E10CC9C9-0775-43B4-9B8D-FD0494756AAE}.Release|Any CPU.Build.0 = Release|Any CPU
		{BE81B2BF-FE2F-478E-8B23-F50CC43D45C3}.Debug|Any CPU.ActiveCfg = Debug|Any CPU
		{BE81B2BF-FE2F-478E-8B23-F50CC43D45C3}.Debug|Any CPU.Build.0 = Debug|Any CPU
		{BE81B2BF-FE2F-478E-8B23-F50CC43D45C3}.Release|Any CPU.ActiveCfg = Release|Any CPU
		{BE81B2BF-FE2F-478E-8B23-F50CC43D45C3}.Release|Any CPU.Build.0 = Release|Any CPU
	EndGlobalSection
	GlobalSection(SolutionProperties) = preSolution
		HideSolutionNode = FALSE
	EndGlobalSection
	GlobalSection(ExtensibilityGlobals) = postSolution
		SolutionGuid = {F433EA42-AF08-48D9-8FBA-57BE502275BD}
	EndGlobalSection
EndGlobal
